
Microsoft Visual Studio Solution File, Format Version 12.00
# Visual Studio Version 17
VisualStudioVersion = 17.4.33122.133
MinimumVisualStudioVersion = 10.0.40219.1
Project("{FAE04EC0-301F-11D3-BF4B-00C04F79EFBC}") = "Tool_Download_Picture", "Tool_Download_Picture\Tool_Download_Picture.csproj", "{2F81FCC7-B9F9-4E31-9180-3CE75ECCC168}"
EndProject
Project("{54435603-DBB4-11D2-8724-00A0C9A8B90C}") = "Setup", "Setup\Setup.vdproj", "{15F8FE00-07A9-4EC9-8BF7-CDF9355206BA}"
EndProject
Global
	GlobalSection(SolutionConfigurationPlatforms) = preSolution
		Debug|Any CPU = Debug|Any CPU
		Release|Any CPU = Release|Any CPU
	EndGlobalSection
	GlobalSection(ProjectConfigurationPlatforms) = postSolution
		{2F81FCC7-B9F9-4E31-9180-3CE75ECCC168}.Debug|Any CPU.ActiveCfg = Debug|Any CPU
		{2F81FCC7-B9F9-4E31-9180-3CE75ECCC168}.Debug|Any CPU.Build.0 = Debug|Any CPU
		{2F81FCC7-B9F9-4E31-9180-3CE75ECCC168}.Release|Any CPU.ActiveCfg = Release|Any CPU
		{2F81FCC7-B9F9-4E31-9180-3CE75ECCC168}.Release|Any CPU.Build.0 = Release|Any CPU
		{15F8FE00-07A9-4EC9-8BF7-CDF9355206BA}.Debug|Any CPU.ActiveCfg = Debug
		{15F8FE00-07A9-4EC9-8BF7-CDF9355206BA}.Release|Any CPU.ActiveCfg = Release
	EndGlobalSection
	GlobalSection(SolutionProperties) = preSolution
		HideSolutionNode = FALSE
	EndGlobalSection
	GlobalSection(ExtensibilityGlobals) = postSolution
		SolutionGuid = {AB116E59-F554-4050-AF29-737E20043159}
	EndGlobalSection
EndGlobal
